
Microsoft Visual Studio Solution File, Format Version 12.00
# Visual Studio Version 16
VisualStudioVersion = 16.0.31321.278
MinimumVisualStudioVersion = 10.0.40219.1
Project("{9A19103F-16F7-4668-BE54-9A1E7A4F7556}") = "Dashboard-Builder", "Dashboard-Builder\Dashboard-Builder.csproj", "{71F0CCD8-9D20-4AA4-AEBF-C876B4230B15}"
EndProject
Global
	GlobalSection(SolutionConfigurationPlatforms) = preSolution
		Debug|Any CPU = Debug|Any CPU
		Release|Any CPU = Release|Any CPU
	EndGlobalSection
	GlobalSection(ProjectConfigurationPlatforms) = postSolution
		{71F0CCD8-9D20-4AA4-AEBF-C876B4230B15}.Debug|Any CPU.ActiveCfg = Debug|Any CPU
		{71F0CCD8-9D20-4AA4-AEBF-C876B4230B15}.Debug|Any CPU.Build.0 = Debug|Any CPU
		{71F0CCD8-9D20-4AA4-AEBF-C876B4230B15}.Release|Any CPU.ActiveCfg = Release|Any CPU
		{71F0CCD8-9D20-4AA4-AEBF-C876B4230B15}.Release|Any CPU.Build.0 = Release|Any CPU
	EndGlobalSection
	GlobalSection(SolutionProperties) = preSolution
		HideSolutionNode = FALSE
	EndGlobalSection
	GlobalSection(ExtensibilityGlobals) = postSolution
		SolutionGuid = {3E7EFB31-1297-4AA4-BD74-6377F5119F78}
	EndGlobalSection
EndGlobal
